
Microsoft Visual Studio Solution File, Format Version 12.00
Project("{FAE04EC0-301F-11D3-BF4B-00C04F79EFBC}") = "sms.backend", "sms.backend\sms.backend.csproj", "{C130121D-2721-47D3-9F66-5EE1C77D96B5}"
EndProject
Global
	GlobalSection(SolutionConfigurationPlatforms) = preSolution
		Debug|Any CPU = Debug|Any CPU
		Release|Any CPU = Release|Any CPU
	EndGlobalSection
	GlobalSection(ProjectConfigurationPlatforms) = postSolution
		{C130121D-2721-47D3-9F66-5EE1C77D96B5}.Debug|Any CPU.ActiveCfg = Debug|Any CPU
		{C130121D-2721-47D3-9F66-5EE1C77D96B5}.Debug|Any CPU.Build.0 = Debug|Any CPU
		{C130121D-2721-47D3-9F66-5EE1C77D96B5}.Release|Any CPU.ActiveCfg = Release|Any CPU
		{C130121D-2721-47D3-9F66-5EE1C77D96B5}.Release|Any CPU.Build.0 = Release|Any CPU
	EndGlobalSection
EndGlobal
