
Microsoft Visual Studio Solution File, Format Version 12.00
# Visual Studio Version 17
VisualStudioVersion = 17.13.35617.110 d17.13
MinimumVisualStudioVersion = 10.0.40219.1
Project("{FAE04EC0-301F-11D3-BF4B-00C04F79EFBC}") = "TaskManagerBackend", "TaskManagerBackend.csproj", "{3A8F55A5-4A52-83F2-9282-7A230524BB73}"
EndProject
Global
	GlobalSection(SolutionConfigurationPlatforms) = preSolution
		Debug|Any CPU = Debug|Any CPU
		Release|Any CPU = Release|Any CPU
	EndGlobalSection
	GlobalSection(ProjectConfigurationPlatforms) = postSolution
		{3A8F55A5-4A52-83F2-9282-7A230524BB73}.Debug|Any CPU.ActiveCfg = Debug|Any CPU
		{3A8F55A5-4A52-83F2-9282-7A230524BB73}.Debug|Any CPU.Build.0 = Debug|Any CPU
		{3A8F55A5-4A52-83F2-9282-7A230524BB73}.Release|Any CPU.ActiveCfg = Release|Any CPU
		{3A8F55A5-4A52-83F2-9282-7A230524BB73}.Release|Any CPU.Build.0 = Release|Any CPU
	EndGlobalSection
	GlobalSection(SolutionProperties) = preSolution
		HideSolutionNode = FALSE
	EndGlobalSection
	GlobalSection(ExtensibilityGlobals) = postSolution
		SolutionGuid = {A946ACF8-B218-4C9C-BB76-7D0744751126}
	EndGlobalSection
EndGlobal
